{
  "nodes": {
    "imiev-hacking-tools": {
      "flake": false,
      "locked": {
        "lastModified": 1787642651,
        "narHash": "sha256-ZYTGgfhN1axD7Yd0x+rT+Yq1Iv2piPyEOKcaYUGIIZg=",
        "owner": "bonybrown",
        "repo": "imiev-hacking-tools",
        "rev": "adef0cc4dc9c3f0d7d2cafc79b28d3ded92b228d",
        "type": "github"
      },
      "original": {
        "owner": "bonybrown",
        "repo": "imiev-hacking-tools",
        "type": "github"
      }
    },
    "nixpkgs": {
      "locked": {
        "lastModified": 1788045098,
        "narHash": "sha256-JE/RUJSYLroG0ik5U0QY4F8yahvXRqHLqdG6w4CVTYM=",
        "owner": "puffnfresh",
        "repo": "nixpkgs",
        "rev": "0f7a54c3bafcb0a246a4c2164e7fd8de8f78ed4a",
        "type": "github"
      },
      "original": {
        "owner": "puffnfresh",
        "ref": "m32r",
        "repo": "nixpkgs",
        "type": "github"
      }
    },
    "root": {
      "inputs": {
        "imiev-hacking-tools": "imiev-hacking-tools",
        "nixpkgs": "nixpkgs"
      }
    }
  },
  "root": "root",
  "version": 7
}
